{
  "requires": true,
  "lockfileVersion": 1,
  "dependencies": {
    "@types/elasticsearch": {
      "version": "5.0.23",
      "resolved": "https://registry.npmjs.org/@types/elasticsearch/-/elasticsearch-5.0.23.tgz",
      "integrity": "sha512-P8EdPB/18Dt5rvMmejl5Lae49LpgsaTDhJjgKe7qbgyT9Q3pypcv/52R0BKIDZj9VwqFBo7p/NKrRy2CJdSbAg==",
      "dev": true
    }
  }
}
